
Microsoft Visual Studio Solution File, Format Version 12.00
# Visual Studio Version 17
VisualStudioVersion = 17.5.002.0
MinimumVisualStudioVersion = 10.0.40219.1
Project("{9A19103F-16F7-4668-BE54-9A1E7A4F7556}") = "aoc2023", "aoc2023.csproj", "{D805C36C-6B03-4770-8930-41F2A2E67A4F}"
EndProject
Global
	GlobalSection(SolutionConfigurationPlatforms) = preSolution
		Debug|Any CPU = Debug|Any CPU
		Release|Any CPU = Release|Any CPU
	EndGlobalSection
	GlobalSection(ProjectConfigurationPlatforms) = postSolution
		{D805C36C-6B03-4770-8930-41F2A2E67A4F}.Debug|Any CPU.ActiveCfg = Debug|Any CPU
		{D805C36C-6B03-4770-8930-41F2A2E67A4F}.Debug|Any CPU.Build.0 = Debug|Any CPU
		{D805C36C-6B03-4770-8930-41F2A2E67A4F}.Release|Any CPU.ActiveCfg = Release|Any CPU
		{D805C36C-6B03-4770-8930-41F2A2E67A4F}.Release|Any CPU.Build.0 = Release|Any CPU
	EndGlobalSection
	GlobalSection(SolutionProperties) = preSolution
		HideSolutionNode = FALSE
	EndGlobalSection
	GlobalSection(ExtensibilityGlobals) = postSolution
		SolutionGuid = {5E0022D5-C1B6-4759-94F4-CA396D110DEC}
	EndGlobalSection
EndGlobal
